{
  "name": "@colosseum/queue",
  "lockfileVersion": 3,
  "requires": true,
  "packages": {
    "": {
      "name": "@colosseum/queue",
      "dependencies": {
        "@cloudamqp/amqp-client": "^3.1.1"
      },
      "devDependencies": {
        "bun-types": "latest"
      },
      "peerDependencies": {
        "typescript": "^5.0.0"
      }
    },
    "node_modules/@cloudamqp/amqp-client": {
      "version": "3.1.1",
      "resolved": "https://registry.npmjs.org/@cloudamqp/amqp-client/-/amqp-client-3.1.1.tgz",
      "integrity": "sha512-bYPOH7jJ9eE9bHNyZqlgTyT4uh5L1KSndskK38b1PIePTKxNUTU1FibLQgcJm1+yGahTZwwQl3thgcRoiqIV5Q==",
      "engines": {
        "node": ">=16.0.0"
      }
    },
    "node_modules/@types/node": {
      "version": "20.11.20",
      "dev": true,
      "license": "MIT",
      "dependencies": {
        "undici-types": "~5.26.4"
      }
    },
    "node_modules/@types/ws": {
      "version": "8.5.10",
      "dev": true,
      "license": "MIT",
      "dependencies": {
        "@types/node": "*"
      }
    },
    "node_modules/bun-types": {
      "version": "1.0.29",
      "resolved": "https://registry.npmjs.org/bun-types/-/bun-types-1.0.29.tgz",
      "integrity": "sha512-Z+U1ORr/2UCwxelIZxE83pyPLclviYL9UewQCNEUmGeLObY8ao+3WF3D8N1+NMv2+S+hUWsdBJam+4GoPEz35g==",
      "dev": true,
      "dependencies": {
        "@types/node": "~20.11.3",
        "@types/ws": "~8.5.10"
      }
    },
    "node_modules/typescript": {
      "version": "5.3.3",
      "resolved": "https://registry.npmjs.org/typescript/-/typescript-5.3.3.tgz",
      "integrity": "sha512-pXWcraxM0uxAS+tN0AG/BF2TyqmHO014Z070UsJ+pFvYuRSq8KH8DmWpnbXe0pEPDHXZV3FcAbJkijJ5oNEnWw==",
      "peer": true,
      "bin": {
        "tsc": "bin/tsc",
        "tsserver": "bin/tsserver"
      },
      "engines": {
        "node": ">=14.17"
      }
    },
    "node_modules/undici-types": {
      "version": "5.26.5",
      "dev": true,
      "license": "MIT"
    }
  }
}
